<?xml version="1.0" encoding="utf-8"?>
<Project ToolsVersion="4.0" xmlns="http://schemas.microsoft.com/developer/msbuild/2003">
  <ItemGroup>
    <Filter Include="File di origine">
      <UniqueIdentifier>{4FC737F1-C7A5-4376-A066-2A32D752A2FF}</UniqueIdentifier>
      <Extensions>cpp;c;cc;cxx;def;odl;idl;hpj;bat;asm;asmx</Extensions>
    </Filter>
    <Filter Include="File di intestazione">
      <UniqueIdentifier>{93995380-89BD-4b04-88EB-625FBE52EBFB}</UniqueIdentifier>
      <Extensions>h;hh;hpp;hxx;hm;inl;inc;xsd</Extensions>
    </Filter>
    <Filter Include="File di risorse">
      <UniqueIdentifier>{67DA6AB6-F800-4c08-8B7A-83BB121AAD01}</UniqueIdentifier>
      <Extensions>rc;ico;cur;bmp;dlg;rc2;rct;bin;rgs;gif;jpg;jpeg;jpe;resx;tiff;tif;png;wav;mfcribbon-ms</Extensions>
    </Filter>
    <Filter Include="Services">
      <UniqueIdentifier>{bf56a3ae-4ad6-42d9-941c-e9af0d32693f}</UniqueIdentifier>
    </Filter>
    <Filter Include="Services\h">
      <UniqueIdentifier>{a28a7e9e-2292-4a5d-8aed-262876fe584f}</UniqueIdentifier>
    </Filter>
    <Filter Include="Services\cpp">
      <UniqueIdentifier>{19f40e63-a226-4549-ac85-dc7dfa5fd561}</UniqueIdentifier>
    </Filter>
    <Filter Include="Class">
      <UniqueIdentifier>{7054c308-b305-4f37-ab09-c553a0ba5ed8}</UniqueIdentifier>
    </Filter>
    <Filter Include="Class\h">
      <UniqueIdentifier>{ef4099f7-2aaf-42d7-98d3-6ae55e16d093}</UniqueIdentifier>
    </Filter>
    <Filter Include="Class\cpp">
      <UniqueIdentifier>{7eba8552-6b9f-457a-b099-aab65b4bf69f}</UniqueIdentifier>
    </Filter>
  </ItemGroup>
  <ItemGroup>
    <Text Include="ReadMe.txt" />
  </ItemGroup>
  <ItemGroup>
    <ClInclude Include="Uninstaller.h">
      <Filter>File di intestazione</Filter>
    </ClInclude>
    <ClInclude Include="UninstallerDlg.h">
      <Filter>File di intestazione</Filter>
    </ClInclude>
    <ClInclude Include="stdafx.h">
      <Filter>File di intestazione</Filter>
    </ClInclude>
    <ClInclude Include="targetver.h">
      <Filter>File di intestazione</Filter>
    </ClInclude>
    <ClInclude Include="Resource.h">
      <Filter>File di intestazione</Filter>
    </ClInclude>
    <ClInclude Include="ServiceUninstall.h">
      <Filter>Services\h</Filter>
    </ClInclude>
    <ClInclude Include="ServiceSystem.h">
      <Filter>Services\h</Filter>
    </ClInclude>
    <ClInclude Include="ServicePath.h">
      <Filter>Services\h</Filter>
    </ClInclude>
    <ClInclude Include="ServiceResource.h">
      <Filter>Services\h</Filter>
    </ClInclude>
    <ClInclude Include="ServiceRegistry.h">
      <Filter>Services\h</Filter>
    </ClInclude>
    <ClInclude Include="ServiceExecuteCommand.h">
      <Filter>Services\h</Filter>
    </ClInclude>
    <ClInclude Include="ServiceString.h">
      <Filter>Services\h</Filter>
    </ClInclude>
    <ClInclude Include="String.h">
      <Filter>Class\h</Filter>
    </ClInclude>
    <ClInclude Include="GlobVar.h">
      <Filter>Class\h</Filter>
    </ClInclude>
    <ClInclude Include="ReturnValue.h">
      <Filter>Class\h</Filter>
    </ClInclude>
    <ClInclude Include="StringPath.h">
      <Filter>Class\h</Filter>
    </ClInclude>
    <ClInclude Include="IniFile.h">
      <Filter>Class\h</Filter>
    </ClInclude>
    <ClInclude Include="IniParser.h">
      <Filter>Class\h</Filter>
    </ClInclude>
    <ClInclude Include="AppVersion.h">
      <Filter>Class\h</Filter>
    </ClInclude>
    <ClInclude Include="UninstallTypes.h">
      <Filter>Class\h</Filter>
    </ClInclude>
    <ClInclude Include="dirent.h">
      <Filter>File di intestazione</Filter>
    </ClInclude>
    <ClInclude Include="Enum.h">
      <Filter>Class\h</Filter>
    </ClInclude>
    <ClInclude Include="FileFolderGroup.h">
      <Filter>File di intestazione</Filter>
    </ClInclude>
  </ItemGroup>
  <ItemGroup>
    <ClCompile Include="Uninstaller.cpp">
      <Filter>File di origine</Filter>
    </ClCompile>
    <ClCompile Include="UninstallerDlg.cpp">
      <Filter>File di origine</Filter>
    </ClCompile>
    <ClCompile Include="stdafx.cpp">
      <Filter>File di origine</Filter>
    </ClCompile>
    <ClCompile Include="ServiceUninstall.cpp">
      <Filter>Services\cpp</Filter>
    </ClCompile>
    <ClCompile Include="ServiceSystem.cpp">
      <Filter>Services\cpp</Filter>
    </ClCompile>
    <ClCompile Include="ServicePath.cpp">
      <Filter>Services\cpp</Filter>
    </ClCompile>
    <ClCompile Include="ServiceResource.cpp">
      <Filter>Services\cpp</Filter>
    </ClCompile>
    <ClCompile Include="ServiceRegistry.cpp">
      <Filter>Services\cpp</Filter>
    </ClCompile>
    <ClCompile Include="ServiceExecuteCommand.cpp">
      <Filter>Services\cpp</Filter>
    </ClCompile>
    <ClCompile Include="ServiceString.cpp">
      <Filter>Services\cpp</Filter>
    </ClCompile>
    <ClCompile Include="String.cpp">
      <Filter>Class\cpp</Filter>
    </ClCompile>
    <ClCompile Include="GlobVar.cpp">
      <Filter>Class\cpp</Filter>
    </ClCompile>
    <ClCompile Include="ReturnValue.cpp">
      <Filter>Class\cpp</Filter>
    </ClCompile>
    <ClCompile Include="StringPath.cpp">
      <Filter>Class\cpp</Filter>
    </ClCompile>
    <ClCompile Include="IniFile.cpp">
      <Filter>Class\cpp</Filter>
    </ClCompile>
    <ClCompile Include="IniParser.cpp">
      <Filter>Class\cpp</Filter>
    </ClCompile>
    <ClCompile Include="AppVersion.cpp">
      <Filter>Class\cpp</Filter>
    </ClCompile>
    <ClCompile Include="UninstallTypes.cpp">
      <Filter>Class\cpp</Filter>
    </ClCompile>
    <ClCompile Include="FileFolderGroup.cpp">
      <Filter>File di origine</Filter>
    </ClCompile>
  </ItemGroup>
  <ItemGroup>
    <ResourceCompile Include="Uninstaller.rc">
      <Filter>File di risorse</Filter>
    </ResourceCompile>
  </ItemGroup>
  <ItemGroup>
    <None Include="res\Uninstaller.rc2">
      <Filter>File di risorse</Filter>
    </None>
  </ItemGroup>
  <ItemGroup>
    <Image Include="res\Uninstaller.ico">
      <Filter>File di risorse</Filter>
    </Image>
  </ItemGroup>
</Project>